github.com/davecgh/go-spew v1.1.1 h1:vj9j/u1bqnvCEfJOwUhtlOARqs3+rkHYY13jYWTU97c=
github.com/davecgh/go-spew v1.1.1/go.mod h1:J7Y8YcW2NihsgmVo/mv3lAwl/skON4iLHjSsI+c5H38=
github.com/vedranvuk/errorex v0.1.0 h1:ntMvhN/okdQzBrpDP07mSMxNAy1vARo9/7FSbV91IVM=
github.com/vedranvuk/errorex v0.1.0/go.mod h1:1wXcLXxO4tmwPPFjcAflvNC+Dd8xLG2k+f3CT9BoaLA=
